
Microsoft Visual Studio Solution File, Format Version 12.00
# Visual Studio Version 17
VisualStudioVersion = 17.14.35806.103
MinimumVisualStudioVersion = 10.0.40219.1
Project("{FAE04EC0-301F-11D3-BF4B-00C04F79EFBC}") = "MauiAspire", "MauiAspire\MauiAspire.csproj", "{8DC5A43D-1A5A-4BA8-A99A-880D1FD02CE5}"
EndProject
Project("{FAE04EC0-301F-11D3-BF4B-00C04F79EFBC}") = "MauiAspire.AppHost", "MauiAspire.AppHost\MauiAspire.AppHost.csproj", "{5E328F4D-BB5F-45C5-8435-F62779DB9817}"
EndProject
Project("{FAE04EC0-301F-11D3-BF4B-00C04F79EFBC}") = "MauiAspire.ServiceDefaults", "MauiAspire.ServiceDefaults\MauiAspire.ServiceDefaults.csproj", "{A00A774E-FAD2-A87E-C090-CA8E59399D36}"
EndProject
Project("{FAE04EC0-301F-11D3-BF4B-00C04F79EFBC}") = "SampleWebApi", "SampleWebApi\SampleWebApi.csproj", "{73FE628E-4071-13A7-FAEF-03256A4C279F}"
EndProject
Project("{FAE04EC0-301F-11D3-BF4B-00C04F79EFBC}") = "MauiServiceDefaults", "MauiServiceDefaults\MauiServiceDefaults.csproj", "{EDA2700C-99F7-41AE-AF33-0FC60BA062EA}"
EndProject
Global
	GlobalSection(SolutionConfigurationPlatforms) = preSolution
		Debug|Any CPU = Debug|Any CPU
		Release|Any CPU = Release|Any CPU
	EndGlobalSection
	GlobalSection(ProjectConfigurationPlatforms) = postSolution
		{8DC5A43D-1A5A-4BA8-A99A-880D1FD02CE5}.Debug|Any CPU.ActiveCfg = Debug|Any CPU
		{8DC5A43D-1A5A-4BA8-A99A-880D1FD02CE5}.Debug|Any CPU.Build.0 = Debug|Any CPU
		{8DC5A43D-1A5A-4BA8-A99A-880D1FD02CE5}.Debug|Any CPU.Deploy.0 = Debug|Any CPU
		{8DC5A43D-1A5A-4BA8-A99A-880D1FD02CE5}.Release|Any CPU.ActiveCfg = Release|Any CPU
		{8DC5A43D-1A5A-4BA8-A99A-880D1FD02CE5}.Release|Any CPU.Build.0 = Release|Any CPU
		{8DC5A43D-1A5A-4BA8-A99A-880D1FD02CE5}.Release|Any CPU.Deploy.0 = Release|Any CPU
		{5E328F4D-BB5F-45C5-8435-F62779DB9817}.Debug|Any CPU.ActiveCfg = Debug|Any CPU
		{5E328F4D-BB5F-45C5-8435-F62779DB9817}.Debug|Any CPU.Build.0 = Debug|Any CPU
		{5E328F4D-BB5F-45C5-8435-F62779DB9817}.Release|Any CPU.ActiveCfg = Release|Any CPU
		{5E328F4D-BB5F-45C5-8435-F62779DB9817}.Release|Any CPU.Build.0 = Release|Any CPU
		{A00A774E-FAD2-A87E-C090-CA8E59399D36}.Debug|Any CPU.ActiveCfg = Debug|Any CPU
		{A00A774E-FAD2-A87E-C090-CA8E59399D36}.Debug|Any CPU.Build.0 = Debug|Any CPU
		{A00A774E-FAD2-A87E-C090-CA8E59399D36}.Release|Any CPU.ActiveCfg = Release|Any CPU
		{A00A774E-FAD2-A87E-C090-CA8E59399D36}.Release|Any CPU.Build.0 = Release|Any CPU
		{73FE628E-4071-13A7-FAEF-03256A4C279F}.Debug|Any CPU.ActiveCfg = Debug|Any CPU
		{73FE628E-4071-13A7-FAEF-03256A4C279F}.Debug|Any CPU.Build.0 = Debug|Any CPU
		{73FE628E-4071-13A7-FAEF-03256A4C279F}.Release|Any CPU.ActiveCfg = Release|Any CPU
		{73FE628E-4071-13A7-FAEF-03256A4C279F}.Release|Any CPU.Build.0 = Release|Any CPU
		{EDA2700C-99F7-41AE-AF33-0FC60BA062EA}.Debug|Any CPU.ActiveCfg = Debug|Any CPU
		{EDA2700C-99F7-41AE-AF33-0FC60BA062EA}.Debug|Any CPU.Build.0 = Debug|Any CPU
		{EDA2700C-99F7-41AE-AF33-0FC60BA062EA}.Release|Any CPU.ActiveCfg = Release|Any CPU
		{EDA2700C-99F7-41AE-AF33-0FC60BA062EA}.Release|Any CPU.Build.0 = Release|Any CPU
	EndGlobalSection
	GlobalSection(SolutionProperties) = preSolution
		HideSolutionNode = FALSE
	EndGlobalSection
	GlobalSection(ExtensibilityGlobals) = postSolution
		SolutionGuid = {7C005CB8-D83B-463A-BF03-506740597AAB}
	EndGlobalSection
EndGlobal
